
Microsoft Visual Studio Solution File, Format Version 12.00
# Visual Studio Version 17
VisualStudioVersion = 17.9.34310.174
MinimumVisualStudioVersion = 10.0.40219.1
Project("{9A19103F-16F7-4668-BE54-9A1E7A4F7556}") = "requitools-be", "requitools-be.csproj", "{9FE1C3F5-4313-4FAC-8AF2-D318FC27F8F2}"
EndProject
Global
	GlobalSection(SolutionConfigurationPlatforms) = preSolution
		Debug|Any CPU = Debug|Any CPU
		Release|Any CPU = Release|Any CPU
	EndGlobalSection
	GlobalSection(ProjectConfigurationPlatforms) = postSolution
		{9FE1C3F5-4313-4FAC-8AF2-D318FC27F8F2}.Debug|Any CPU.ActiveCfg = Debug|Any CPU
		{9FE1C3F5-4313-4FAC-8AF2-D318FC27F8F2}.Debug|Any CPU.Build.0 = Debug|Any CPU
		{9FE1C3F5-4313-4FAC-8AF2-D318FC27F8F2}.Release|Any CPU.ActiveCfg = Release|Any CPU
		{9FE1C3F5-4313-4FAC-8AF2-D318FC27F8F2}.Release|Any CPU.Build.0 = Release|Any CPU
	EndGlobalSection
	GlobalSection(SolutionProperties) = preSolution
		HideSolutionNode = FALSE
	EndGlobalSection
	GlobalSection(ExtensibilityGlobals) = postSolution
		SolutionGuid = {70281C9C-793D-4C80-9A49-297336454ADC}
	EndGlobalSection
EndGlobal
